# This file is automatically @generated by Poetry 1.8.4 and should not be changed by hand.

[[package]]
name = "anyio"
version = "4.7.0"
description = "High level compatibility layer for multiple asynchronous event loop implementations"
optional = false
python-versions = ">=3.9"
files = [
    {file = "anyio-4.7.0-py3-none-any.whl", hash = "sha256:ea60c3723ab42ba6fff7e8ccb0488c898ec538ff4df1f1d5e642c3601d07e352"},
    {file = "anyio-4.7.0.tar.gz", hash = "sha256:2f834749c602966b7d456a7567cafcb309f96482b5081d14ac93ccd457f9dd48"},
]

[package.dependencies]
idna = ">=2.8"
sniffio = ">=1.1"
typing_extensions = {version = ">=4.5", markers = "python_version < \"3.13\""}

[package.extras]
doc = ["Sphinx (>=7.4,<8.0)", "packaging", "sphinx-autodoc-typehints (>=1.2.0)", "sphinx_rtd_theme"]
test = ["anyio[trio]", "coverage[toml] (>=7)", "exceptiongroup (>=1.2.0)", "hypothesis (>=4.0)", "psutil (>=5.9)", "pytest (>=7.0)", "pytest-mock (>=3.6.1)", "trustme", "truststore (>=0.9.1)", "uvloop (>=0.21)"]
trio = ["trio (>=0.26.1)"]

[[package]]
name = "certifi"
version = "2024.12.14"
description = "Python package for providing Mozilla's CA Bundle."
optional = false
python-versions = ">=3.6"
files = [
    {file = "certifi-2024.12.14-py3-none-any.whl", hash = "sha256:1275f7a45be9464efc1173084eaa30f866fe2e47d389406136d332ed4967ec56"},
    {file = "certifi-2024.12.14.tar.gz", hash = "sha256:b650d30f370c2b724812bee08008be0c4163b163ddaec3f2546c1caf65f191db"},
]

[[package]]
name = "h11"
version = "0.14.0"
description = "A pure-Python, bring-your-own-I/O implementation of HTTP/1.1"
optional = false
python-versions = ">=3.7"
files = [
    {file = "h11-0.14.0-py3-none-any.whl", hash = "sha256:e3fe4ac4b851c468cc8363d500db52c2ead036020723024a109d37346efaa761"},
    {file = "h11-0.14.0.tar.gz", hash = "sha256:8f19fbbe99e72420ff35c00b27a34cb9937e902a8b810e2c88300c6f0a3b699d"},
]

[[package]]
name = "httpcore"
version = "1.0.7"
description = "A minimal low-level HTTP client."
optional = false
python-versions = ">=3.8"
files = [
    {file = "httpcore-1.0.7-py3-none-any.whl", hash = "sha256:a3fff8f43dc260d5bd363d9f9cf1830fa3a458b332856f34282de498ed420edd"},
    {file = "httpcore-1.0.7.tar.gz", hash = "sha256:8551cb62a169ec7162ac7be8d4817d561f60e08eaa485234898414bb5a8a0b4c"},
]

[package.dependencies]
certifi = "*"
h11 = ">=0.13,<0.15"

[package.extras]
asyncio = ["anyio (>=4.0,<5.0)"]
http2 = ["h2 (>=3,<5)"]
socks = ["socksio (==1.*)"]
trio = ["trio (>=0.22.0,<1.0)"]

[[package]]
name = "httpx"
version = "0.26.0"
description = "The next generation HTTP client."
optional = false
python-versions = ">=3.8"
files = [
    {file = "httpx-0.26.0-py3-none-any.whl", hash = "sha256:8915f5a3627c4d47b73e8202457cb28f1266982d1159bd5779d86a80c0eab1cd"},
    {file = "httpx-0.26.0.tar.gz", hash = "sha256:451b55c30d5185ea6b23c2c793abf9bb237d2a7dfb901ced6ff69ad37ec1dfaf"},
]

[package.dependencies]
anyio = "*"
certifi = "*"
httpcore = "==1.*"
idna = "*"
sniffio = "*"

[package.extras]
brotli = ["brotli", "brotlicffi"]
cli = ["click (==8.*)", "pygments (==2.*)", "rich (>=10,<14)"]
http2 = ["h2 (>=3,<5)"]
socks = ["socksio (==1.*)"]

[[package]]
name = "idna"
version = "3.10"
description = "Internationalized Domain Names in Applications (IDNA)"
optional = false
python-versions = ">=3.6"
files = [
    {file = "idna-3.10-py3-none-any.whl", hash = "sha256:946d195a0d259cbba61165e88e65941f16e9b36ea6ddb97f00452bae8b1287d3"},
    {file = "idna-3.10.tar.gz", hash = "sha256:12f65c9b470abda6dc35cf8e63cc574b1c52b11df2c86030af0ac09b01b13ea9"},
]

[package.extras]
all = ["flake8 (>=7.1.1)", "mypy (>=1.11.2)", "pytest (>=8.3.2)", "ruff (>=0.6.2)"]

[[package]]
name = "psycopg2"
version = "2.9.10"
description = "psycopg2 - Python-PostgreSQL Database Adapter"
optional = false
python-versions = ">=3.8"
files = [
    {file = "psycopg2-2.9.10-cp310-cp310-win32.whl", hash = "sha256:5df2b672140f95adb453af93a7d669d7a7bf0a56bcd26f1502329166f4a61716"},
    {file = "psycopg2-2.9.10-cp310-cp310-win_amd64.whl", hash = "sha256:c6f7b8561225f9e711a9c47087388a97fdc948211c10a4bccbf0ba68ab7b3b5a"},
    {file = "psycopg2-2.9.10-cp311-cp311-win32.whl", hash = "sha256:47c4f9875125344f4c2b870e41b6aad585901318068acd01de93f3677a6522c2"},
    {file = "psycopg2-2.9.10-cp311-cp311-win_amd64.whl", hash = "sha256:0435034157049f6846e95103bd8f5a668788dd913a7c30162ca9503fdf542cb4"},
    {file = "psycopg2-2.9.10-cp312-cp312-win32.whl", hash = "sha256:65a63d7ab0e067e2cdb3cf266de39663203d38d6a8ed97f5ca0cb315c73fe067"},
    {file = "psycopg2-2.9.10-cp312-cp312-win_amd64.whl", hash = "sha256:4a579d6243da40a7b3182e0430493dbd55950c493d8c68f4eec0b302f6bbf20e"},
    {file = "psycopg2-2.9.10-cp39-cp39-win32.whl", hash = "sha256:9d5b3b94b79a844a986d029eee38998232451119ad653aea42bb9220a8c5066b"},
    {file = "psycopg2-2.9.10-cp39-cp39-win_amd64.whl", hash = "sha256:88138c8dedcbfa96408023ea2b0c369eda40fe5d75002c0964c78f46f11fa442"},
    {file = "psycopg2-2.9.10.tar.gz", hash = "sha256:12ec0b40b0273f95296233e8750441339298e6a572f7039da5b260e3c8b60e11"},
]

[[package]]
name = "python-dotenv"
version = "1.0.1"
description = "Read key-value pairs from a .env file and set them as environment variables"
optional = false
python-versions = ">=3.8"
files = [
    {file = "python-dotenv-1.0.1.tar.gz", hash = "sha256:e324ee90a023d808f1959c46bcbc04446a10ced277783dc6ee09987c37ec10ca"},
    {file = "python_dotenv-1.0.1-py3-none-any.whl", hash = "sha256:f7b63ef50f1b690dddf550d03497b66d609393b40b564ed0d674909a68ebf16a"},
]

[package.extras]
cli = ["click (>=5.0)"]

[[package]]
name = "python-telegram-bot"
version = "20.8"
description = "We have made you a wrapper you can't refuse"
optional = false
python-versions = ">=3.8"
files = [
    {file = "python-telegram-bot-20.8.tar.gz", hash = "sha256:0e1e4a6dbce3f4ba606990d66467a5a2d2018368fe44756fae07410a74e960dc"},
    {file = "python_telegram_bot-20.8-py3-none-any.whl", hash = "sha256:a98ddf2f237d6584b03a2f8b20553e1b5e02c8d3a1ea8e17fd06cc955af78c14"},
]

[package.dependencies]
httpx = ">=0.26.0,<0.27.0"

[package.extras]
all = ["APScheduler (>=3.10.4,<3.11.0)", "aiolimiter (>=1.1.0,<1.2.0)", "cachetools (>=5.3.2,<5.4.0)", "cryptography (>=39.0.1)", "httpx[http2]", "httpx[socks]", "pytz (>=2018.6)", "tornado (>=6.4,<7.0)"]
callback-data = ["cachetools (>=5.3.2,<5.4.0)"]
ext = ["APScheduler (>=3.10.4,<3.11.0)", "aiolimiter (>=1.1.0,<1.2.0)", "cachetools (>=5.3.2,<5.4.0)", "pytz (>=2018.6)", "tornado (>=6.4,<7.0)"]
http2 = ["httpx[http2]"]
job-queue = ["APScheduler (>=3.10.4,<3.11.0)", "pytz (>=2018.6)"]
passport = ["cryptography (>=39.0.1)"]
rate-limiter = ["aiolimiter (>=1.1.0,<1.2.0)"]
socks = ["httpx[socks]"]
webhooks = ["tornado (>=6.4,<7.0)"]

[[package]]
name = "sniffio"
version = "1.3.1"
description = "Sniff out which async library your code is running under"
optional = false
python-versions = ">=3.7"
files = [
    {file = "sniffio-1.3.1-py3-none-any.whl", hash = "sha256:2f6da418d1f1e0fddd844478f41680e794e6051915791a034ff65e5f100525a2"},
    {file = "sniffio-1.3.1.tar.gz", hash = "sha256:f4324edc670a0f49750a81b895f35c3adb843cca46f0530f79fc1babb23789dc"},
]

[[package]]
name = "typing-extensions"
version = "4.12.2"
description = "Backported and Experimental Type Hints for Python 3.8+"
optional = false
python-versions = ">=3.8"
files = [
    {file = "typing_extensions-4.12.2-py3-none-any.whl", hash = "sha256:04e5ca0351e0f3f85c6853954072df659d0d13fac324d0072316b67d7794700d"},
    {file = "typing_extensions-4.12.2.tar.gz", hash = "sha256:1a7ead55c7e559dd4dee8856e3a88b41225abfe1ce8df57b7c13915fe121ffb8"},
]

[[package]]
name = "watchfiles"
version = "1.0.3"
description = "Simple, modern and high performance file watching and code reload in python."
optional = false
python-versions = ">=3.9"
files = [
    {file = "watchfiles-1.0.3-cp310-cp310-macosx_10_12_x86_64.whl", hash = "sha256:1da46bb1eefb5a37a8fb6fd52ad5d14822d67c498d99bda8754222396164ae42"},
    {file = "watchfiles-1.0.3-cp310-cp310-macosx_11_0_arm64.whl", hash = "sha256:2b961b86cd3973f5822826017cad7f5a75795168cb645c3a6b30c349094e02e3"},
    {file = "watchfiles-1.0.3-cp310-cp310-manylinux_2_17_aarch64.manylinux2014_aarch64.whl", hash = "sha256:34e87c7b3464d02af87f1059fedda5484e43b153ef519e4085fe1a03dd94801e"},
    {file = "watchfiles-1.0.3-cp310-cp310-manylinux_2_17_armv7l.manylinux2014_armv7l.whl", hash = "sha256:d9dd2b89a16cf7ab9c1170b5863e68de6bf83db51544875b25a5f05a7269e678"},
    {file = "watchfiles-1.0.3-cp310-cp310-manylinux_2_17_i686.manylinux2014_i686.whl", hash = "sha256:2b4691234d31686dca133c920f94e478b548a8e7c750f28dbbc2e4333e0d3da9"},
    {file = "watchfiles-1.0.3-cp310-cp310-manylinux_2_17_ppc64le.manylinux2014_ppc64le.whl", hash = "sha256:90b0fe1fcea9bd6e3084b44875e179b4adcc4057a3b81402658d0eb58c98edf8"},
    {file = "watchfiles-1.0.3-cp310-cp310-manylinux_2_17_s390x.manylinux2014_s390x.whl", hash = "sha256:0b90651b4cf9e158d01faa0833b073e2e37719264bcee3eac49fc3c74e7d304b"},
    {file = "watchfiles-1.0.3-cp310-cp310-manylinux_2_17_x86_64.manylinux2014_x86_64.whl", hash = "sha256:c2e9fe695ff151b42ab06501820f40d01310fbd58ba24da8923ace79cf6d702d"},
    {file = "watchfiles-1.0.3-cp310-cp310-musllinux_1_1_aarch64.whl", hash = "sha256:62691f1c0894b001c7cde1195c03b7801aaa794a837bd6eef24da87d1542838d"},
    {file = "watchfiles-1.0.3-cp310-cp310-musllinux_1_1_x86_64.whl", hash = "sha256:275c1b0e942d335fccb6014d79267d1b9fa45b5ac0639c297f1e856f2f532552"},
    {file = "watchfiles-1.0.3-cp310-cp310-win32.whl", hash = "sha256:06ce08549e49ba69ccc36fc5659a3d0ff4e3a07d542b895b8a9013fcab46c2dc"},
    {file = "watchfiles-1.0.3-cp310-cp310-win_amd64.whl", hash = "sha256:f280b02827adc9d87f764972fbeb701cf5611f80b619c20568e1982a277d6146"},
    {file = "watchfiles-1.0.3-cp311-cp311-macosx_10_12_x86_64.whl", hash = "sha256:ffe709b1d0bc2e9921257569675674cafb3a5f8af689ab9f3f2b3f88775b960f"},
    {file = "watchfiles-1.0.3-cp311-cp311-macosx_11_0_arm64.whl", hash = "sha256:418c5ce332f74939ff60691e5293e27c206c8164ce2b8ce0d9abf013003fb7fe"},
    {file = "watchfiles-1.0.3-cp311-cp311-manylinux_2_17_aarch64.manylinux2014_aarch64.whl", hash = "sha256:2f492d2907263d6d0d52f897a68647195bc093dafed14508a8d6817973586b6b"},
    {file = "watchfiles-1.0.3-cp311-cp311-manylinux_2_17_armv7l.manylinux2014_armv7l.whl", hash = "sha256:48c9f3bc90c556a854f4cab6a79c16974099ccfa3e3e150673d82d47a4bc92c9"},
    {file = "watchfiles-1.0.3-cp311-cp311-manylinux_2_17_i686.manylinux2014_i686.whl", hash = "sha256:75d3bcfa90454dba8df12adc86b13b6d85fda97d90e708efc036c2760cc6ba44"},
    {file = "watchfiles-1.0.3-cp311-cp311-manylinux_2_17_ppc64le.manylinux2014_ppc64le.whl", hash = "sha256:5691340f259b8f76b45fb31b98e594d46c36d1dc8285efa7975f7f50230c9093"},
    {file = "watchfiles-1.0.3-cp311-cp311-manylinux_2_17_s390x.manylinux2014_s390x.whl", hash = "sha256:1e263cc718545b7f897baeac1f00299ab6fabe3e18caaacacb0edf6d5f35513c"},
    {file = "watchfiles-1.0.3-cp311-cp311-manylinux_2_17_x86_64.manylinux2014_x86_64.whl", hash = "sha256:1c6cf7709ed3e55704cc06f6e835bf43c03bc8e3cb8ff946bf69a2e0a78d9d77"},
    {file = "watchfiles-1.0.3-cp311-cp311-musllinux_1_1_aarch64.whl", hash = "sha256:703aa5e50e465be901e0e0f9d5739add15e696d8c26c53bc6fc00eb65d7b9469"},
    {file = "watchfiles-1.0.3-cp311-cp311-musllinux_1_1_x86_64.whl", hash = "sha256:bfcae6aecd9e0cb425f5145afee871465b98b75862e038d42fe91fd753ddd780"},
    {file = "watchfiles-1.0.3-cp311-cp311-win32.whl", hash = "sha256:6a76494d2c5311584f22416c5a87c1e2cb954ff9b5f0988027bc4ef2a8a67181"},
    {file = "watchfiles-1.0.3-cp311-cp311-win_amd64.whl", hash = "sha256:cf745cbfad6389c0e331786e5fe9ae3f06e9d9c2ce2432378e1267954793975c"},
    {file = "watchfiles-1.0.3-cp311-cp311-win_arm64.whl", hash = "sha256:2dcc3f60c445f8ce14156854a072ceb36b83807ed803d37fdea2a50e898635d6"},
    {file = "watchfiles-1.0.3-cp312-cp312-macosx_10_12_x86_64.whl", hash = "sha256:93436ed550e429da007fbafb723e0769f25bae178fbb287a94cb4ccdf42d3af3"},
    {file = "watchfiles-1.0.3-cp312-cp312-macosx_11_0_arm64.whl", hash = "sha256:c18f3502ad0737813c7dad70e3e1cc966cc147fbaeef47a09463bbffe70b0a00"},
    {file = "watchfiles-1.0.3-cp312-cp312-manylinux_2_17_aarch64.manylinux2014_aarch64.whl", hash = "sha256:6a5bc3ca468bb58a2ef50441f953e1f77b9a61bd1b8c347c8223403dc9b4ac9a"},
    {file = "watchfiles-1.0.3-cp312-cp312-manylinux_2_17_armv7l.manylinux2014_armv7l.whl", hash = "sha256:0d1ec043f02ca04bf21b1b32cab155ce90c651aaf5540db8eb8ad7f7e645cba8"},
    {file = "watchfiles-1.0.3-cp312-cp312-manylinux_2_17_i686.manylinux2014_i686.whl", hash = "sha256:f58d3bfafecf3d81c15d99fc0ecf4319e80ac712c77cf0ce2661c8cf8bf84066"},
    {file = "watchfiles-1.0.3-cp312-cp312-manylinux_2_17_ppc64le.manylinux2014_ppc64le.whl", hash = "sha256:1df924ba82ae9e77340101c28d56cbaff2c991bd6fe8444a545d24075abb0a87"},
    {file = "watchfiles-1.0.3-cp312-cp312-manylinux_2_17_s390x.manylinux2014_s390x.whl", hash = "sha256:632a52dcaee44792d0965c17bdfe5dc0edad5b86d6a29e53d6ad4bf92dc0ff49"},
    {file = "watchfiles-1.0.3-cp312-cp312-manylinux_2_17_x86_64.manylinux2014_x86_64.whl", hash = "sha256:80bf4b459d94a0387617a1b499f314aa04d8a64b7a0747d15d425b8c8b151da0"},
    {file = "watchfiles-1.0.3-cp312-cp312-musllinux_1_1_aarch64.whl", hash = "sha256:ca94c85911601b097d53caeeec30201736ad69a93f30d15672b967558df02885"},
    {file = "watchfiles-1.0.3-cp312-cp312-musllinux_1_1_x86_64.whl", hash = "sha256:65ab1fb635476f6170b07e8e21db0424de94877e4b76b7feabfe11f9a5fc12b5"},
    {file = "watchfiles-1.0.3-cp312-cp312-win32.whl", hash = "sha256:49bc1bc26abf4f32e132652f4b3bfeec77d8f8f62f57652703ef127e85a3e38d"},
    {file = "watchfiles-1.0.3-cp312-cp312-win_amd64.whl", hash = "sha256:48681c86f2cb08348631fed788a116c89c787fdf1e6381c5febafd782f6c3b44"},
    {file = "watchfiles-1.0.3-cp312-cp312-win_arm64.whl", hash = "sha256:9e080cf917b35b20c889225a13f290f2716748362f6071b859b60b8847a6aa43"},
    {file = "watchfiles-1.0.3-cp313-cp313-macosx_10_12_x86_64.whl", hash = "sha256:e153a690b7255c5ced17895394b4f109d5dcc2a4f35cb809374da50f0e5c456a"},
    {file = "watchfiles-1.0.3-cp313-cp313-macosx_11_0_arm64.whl", hash = "sha256:ac1be85fe43b4bf9a251978ce5c3bb30e1ada9784290441f5423a28633a958a7"},
    {file = "watchfiles-1.0.3-cp313-cp313-manylinux_2_17_aarch64.manylinux2014_aarch64.whl", hash = "sha256:a2ec98e31e1844eac860e70d9247db9d75440fc8f5f679c37d01914568d18721"},
    {file = "watchfiles-1.0.3-cp313-cp313-manylinux_2_17_armv7l.manylinux2014_armv7l.whl", hash = "sha256:0179252846be03fa97d4d5f8233d1c620ef004855f0717712ae1c558f1974a16"},
    {file = "watchfiles-1.0.3-cp313-cp313-manylinux_2_17_i686.manylinux2014_i686.whl", hash = "sha256:995c374e86fa82126c03c5b4630c4e312327ecfe27761accb25b5e1d7ab50ec8"},
    {file = "watchfiles-1.0.3-cp313-cp313-manylinux_2_17_ppc64le.manylinux2014_ppc64le.whl", hash = "sha256:29b9cb35b7f290db1c31fb2fdf8fc6d3730cfa4bca4b49761083307f441cac5a"},
    {file = "watchfiles-1.0.3-cp313-cp313-manylinux_2_17_s390x.manylinux2014_s390x.whl", hash = "sha256:6f8dc09ae69af50bead60783180f656ad96bd33ffbf6e7a6fce900f6d53b08f1"},
    {file = "watchfiles-1.0.3-cp313-cp313-manylinux_2_17_x86_64.manylinux2014_x86_64.whl", hash = "sha256:489b80812f52a8d8c7b0d10f0d956db0efed25df2821c7a934f6143f76938bd6"},
    {file = "watchfiles-1.0.3-cp313-cp313-musllinux_1_1_aarch64.whl", hash = "sha256:228e2247de583475d4cebf6b9af5dc9918abb99d1ef5ee737155bb39fb33f3c0"},
    {file = "watchfiles-1.0.3-cp313-cp313-musllinux_1_1_x86_64.whl", hash = "sha256:1550be1a5cb3be08a3fb84636eaafa9b7119b70c71b0bed48726fd1d5aa9b868"},
    {file = "watchfiles-1.0.3-cp313-cp313-win32.whl", hash = "sha256:16db2d7e12f94818cbf16d4c8938e4d8aaecee23826344addfaaa671a1527b07"},
    {file = "watchfiles-1.0.3-cp313-cp313-win_amd64.whl", hash = "sha256:160eff7d1267d7b025e983ca8460e8cc67b328284967cbe29c05f3c3163711a3"},
    {file = "watchfiles-1.0.3-cp39-cp39-macosx_10_12_x86_64.whl", hash = "sha256:c05b021f7b5aa333124f2a64d56e4cb9963b6efdf44e8d819152237bbd93ba15"},
    {file = "watchfiles-1.0.3-cp39-cp39-macosx_11_0_arm64.whl", hash = "sha256:310505ad305e30cb6c5f55945858cdbe0eb297fc57378f29bacceb534ac34199"},
    {file = "watchfiles-1.0.3-cp39-cp39-manylinux_2_17_aarch64.manylinux2014_aarch64.whl", hash = "sha256:ddff3f8b9fa24a60527c137c852d0d9a7da2a02cf2151650029fdc97c852c974"},
    {file = "watchfiles-1.0.3-cp39-cp39-manylinux_2_17_armv7l.manylinux2014_armv7l.whl", hash = "sha256:46e86ed457c3486080a72bc837300dd200e18d08183f12b6ca63475ab64ed651"},
    {file = "watchfiles-1.0.3-cp39-cp39-manylinux_2_17_i686.manylinux2014_i686.whl", hash = "sha256:f79fe7993e230a12172ce7d7c7db061f046f672f2b946431c81aff8f60b2758b"},
    {file = "watchfiles-1.0.3-cp39-cp39-manylinux_2_17_ppc64le.manylinux2014_ppc64le.whl", hash = "sha256:ea2b51c5f38bad812da2ec0cd7eec09d25f521a8b6b6843cbccedd9a1d8a5c15"},
    {file = "watchfiles-1.0.3-cp39-cp39-manylinux_2_17_s390x.manylinux2014_s390x.whl", hash = "sha256:0fe4e740ea94978b2b2ab308cbf9270a246bcbb44401f77cc8740348cbaeac3d"},
    {file = "watchfiles-1.0.3-cp39-cp39-manylinux_2_17_x86_64.manylinux2014_x86_64.whl", hash = "sha256:9af037d3df7188ae21dc1c7624501f2f90d81be6550904e07869d8d0e6766655"},
    {file = "watchfiles-1.0.3-cp39-cp39-musllinux_1_1_aarch64.whl", hash = "sha256:52bb50a4c4ca2a689fdba84ba8ecc6a4e6210f03b6af93181bb61c4ec3abaf86"},
    {file = "watchfiles-1.0.3-cp39-cp39-musllinux_1_1_x86_64.whl", hash = "sha256:c14a07bdb475eb696f85c715dbd0f037918ccbb5248290448488a0b4ef201aad"},
    {file = "watchfiles-1.0.3-cp39-cp39-win32.whl", hash = "sha256:be37f9b1f8934cd9e7eccfcb5612af9fb728fecbe16248b082b709a9d1b348bf"},
    {file = "watchfiles-1.0.3-cp39-cp39-win_amd64.whl", hash = "sha256:ef9ec8068cf23458dbf36a08e0c16f0a2df04b42a8827619646637be1769300a"},
    {file = "watchfiles-1.0.3-pp310-pypy310_pp73-macosx_10_12_x86_64.whl", hash = "sha256:84fac88278f42d61c519a6c75fb5296fd56710b05bbdcc74bdf85db409a03780"},
    {file = "watchfiles-1.0.3-pp310-pypy310_pp73-macosx_11_0_arm64.whl", hash = "sha256:c68be72b1666d93b266714f2d4092d78dc53bd11cf91ed5a3c16527587a52e29"},
    {file = "watchfiles-1.0.3-pp310-pypy310_pp73-manylinux_2_17_aarch64.manylinux2014_aarch64.whl", hash = "sha256:889a37e2acf43c377b5124166bece139b4c731b61492ab22e64d371cce0e6e80"},
    {file = "watchfiles-1.0.3-pp310-pypy310_pp73-manylinux_2_17_x86_64.manylinux2014_x86_64.whl", hash = "sha256:7ca05cacf2e5c4a97d02a2878a24020daca21dbb8823b023b978210a75c79098"},
    {file = "watchfiles-1.0.3-pp39-pypy39_pp73-macosx_10_12_x86_64.whl", hash = "sha256:8af4b582d5fc1b8465d1d2483e5e7b880cc1a4e99f6ff65c23d64d070867ac58"},
    {file = "watchfiles-1.0.3-pp39-pypy39_pp73-macosx_11_0_arm64.whl", hash = "sha256:127de3883bdb29dbd3b21f63126bb8fa6e773b74eaef46521025a9ce390e1073"},
    {file = "watchfiles-1.0.3-pp39-pypy39_pp73-manylinux_2_17_aarch64.manylinux2014_aarch64.whl", hash = "sha256:713f67132346bdcb4c12df185c30cf04bdf4bf6ea3acbc3ace0912cab6b7cb8c"},
    {file = "watchfiles-1.0.3-pp39-pypy39_pp73-manylinux_2_17_x86_64.manylinux2014_x86_64.whl", hash = "sha256:abd85de513eb83f5ec153a802348e7a5baa4588b818043848247e3e8986094e8"},
    {file = "watchfiles-1.0.3.tar.gz", hash = "sha256:f3ff7da165c99a5412fe5dd2304dd2dbaaaa5da718aad942dcb3a178eaa70c56"},
]

[package.dependencies]
anyio = ">=3.0.0"

[metadata]
lock-version = "2.0"
python-versions = "^3.11"
content-hash = "2dd321cfa0b6cd54d9f645cf465d83eaa4786e743654139d254d47d7aac6c3e9"
